// !$*UTF8*$!
{
	archiveVersion = 1;
	classes = {
	};
	objectVersion = 50;
	objects = {

/* Begin PBXBuildFile section */
		57ABCA48CB996DC7B18E7A87 /* Pods_Infection_Tag_Infection_TagUITests.framework in Frameworks */ = {isa = PBXBuildFile; fileRef = 8576CADE4D763903F976DE1C /* Pods_Infection_Tag_Infection_TagUITests.framework */; };
		74E97CA3118EB66CAD643816 /* Pods_Infection_TagTests.framework in Frameworks */ = {isa = PBXBuildFile; fileRef = 63B8AA277B058D88F6C9DA42 /* Pods_Infection_TagTests.framework */; };
		8121C19A2559A67900EE1F06 /* MainMenu.swift in Sources */ = {isa = PBXBuildFile; fileRef = 8121C1992559A67900EE1F06 /* MainMenu.swift */; };
		819423AD25642C5B0031A940 /* MainMenu.sks in Resources */ = {isa = PBXBuildFile; fileRef = 819423AC25642C5B0031A940 /* MainMenu.sks */; };
		819423B225642E730031A940 /* MSButtonNode.swift in Sources */ = {isa = PBXBuildFile; fileRef = 819423B125642E730031A940 /* MSButtonNode.swift */; };
		9D6E24E325A61597005DA2A4 /* playAgainMenu.swift in Sources */ = {isa = PBXBuildFile; fileRef = 9D6E24E225A61597005DA2A4 /* playAgainMenu.swift */; };
		9D6E24E825A61A0B005DA2A4 /* playAgainMenu.sks in Resources */ = {isa = PBXBuildFile; fileRef = 9D6E24E725A61A0B005DA2A4 /* playAgainMenu.sks */; };
		9D7E711B257E91F50051AEBE /* GameSceneSolo.sks in Resources */ = {isa = PBXBuildFile; fileRef = 9D7E711A257E91F50051AEBE /* GameSceneSolo.sks */; };
		9D892764257E853F009B9007 /* GameSceneSolo.swift in Sources */ = {isa = PBXBuildFile; fileRef = 9D892763257E853F009B9007 /* GameSceneSolo.swift */; };
		9D892769257E8798009B9007 /* Zombie.swift in Sources */ = {isa = PBXBuildFile; fileRef = 9D892768257E8798009B9007 /* Zombie.swift */; };
		9DCB7582255DAC4E0006FE96 /* Pods_Infection_Tag.framework in Frameworks */ = {isa = PBXBuildFile; fileRef = DFBA5CFCA8CCC685B16B6947 /* Pods_Infection_Tag.framework */; };
		D345AB12258BC0F60026B15C /* Bullet.swift in Sources */ = {isa = PBXBuildFile; fileRef = D345AB11258BC0F60026B15C /* Bullet.swift */; };
		D377F8402589207E001F0A3F /* Gun.swift in Sources */ = {isa = PBXBuildFile; fileRef = D377F83F2589207E001F0A3F /* Gun.swift */; };
		D39D02D22540827D00BDAC1E /* Character.swift in Sources */ = {isa = PBXBuildFile; fileRef = D39D02D12540827D00BDAC1E /* Character.swift */; };
		D39D02D725471C9700BDAC1E /* wall.swift in Sources */ = {isa = PBXBuildFile; fileRef = D39D02D625471C9700BDAC1E /* wall.swift */; };
		D3CF0C4D2537500F00394F79 /* AppDelegate.swift in Sources */ = {isa = PBXBuildFile; fileRef = D3CF0C4C2537500F00394F79 /* AppDelegate.swift */; };
		D3CF0C4F2537500F00394F79 /* GameScene.sks in Resources */ = {isa = PBXBuildFile; fileRef = D3CF0C4E2537500F00394F79 /* GameScene.sks */; };
		D3CF0C512537500F00394F79 /* Actions.sks in Resources */ = {isa = PBXBuildFile; fileRef = D3CF0C502537500F00394F79 /* Actions.sks */; };
		D3CF0C532537500F00394F79 /* GameScene.swift in Sources */ = {isa = PBXBuildFile; fileRef = D3CF0C522537500F00394F79 /* GameScene.swift */; };
		D3CF0C552537500F00394F79 /* GameViewController.swift in Sources */ = {isa = PBXBuildFile; fileRef = D3CF0C542537500F00394F79 /* GameViewController.swift */; };
		D3CF0C582537500F00394F79 /* Main.storyboard in Resources */ = {isa = PBXBuildFile; fileRef = D3CF0C562537500F00394F79 /* Main.storyboard */; };
		D3CF0C5A2537501400394F79 /* Assets.xcassets in Resources */ = {isa = PBXBuildFile; fileRef = D3CF0C592537501400394F79 /* Assets.xcassets */; };
		D3CF0C652537501500394F79 /* Infection_TagTests.swift in Sources */ = {isa = PBXBuildFile; fileRef = D3CF0C642537501500394F79 /* Infection_TagTests.swift */; };
		D3CF0C702537501500394F79 /* Infection_TagUITests.swift in Sources */ = {isa = PBXBuildFile; fileRef = D3CF0C6F2537501500394F79 /* Infection_TagUITests.swift */; };
		D3CF0C81253753FF00394F79 /* TFAnalogJoystick.swift in Sources */ = {isa = PBXBuildFile; fileRef = D3CF0C80253753FF00394F79 /* TFAnalogJoystick.swift */; };
		D3D60665256C128E003E276A /* GameCenterHelper.swift in Sources */ = {isa = PBXBuildFile; fileRef = D3D60664256C128E003E276A /* GameCenterHelper.swift */; };
		D3D6066D256C143D003E276A /* GameModel.swift in Sources */ = {isa = PBXBuildFile; fileRef = D3D6066C256C143D003E276A /* GameModel.swift */; };
		D3D60672256C16E7003E276A /* Player.swift in Sources */ = {isa = PBXBuildFile; fileRef = D3D60671256C16E7003E276A /* Player.swift */; };
/* End PBXBuildFile section */

/* Begin PBXContainerItemProxy section */
		D3CF0C612537501500394F79 /* PBXContainerItemProxy */ = {
			isa = PBXContainerItemProxy;
			containerPortal = D3CF0C412537500F00394F79 /* Project object */;
			proxyType = 1;
			remoteGlobalIDString = D3CF0C482537500F00394F79;
			remoteInfo = "Infection Tag";
		};
		D3CF0C6C2537501500394F79 /* PBXContainerItemProxy */ = {
			isa = PBXContainerItemProxy;
			containerPortal = D3CF0C412537500F00394F79 /* Project object */;
			proxyType = 1;
			remoteGlobalIDString = D3CF0C482537500F00394F79;
			remoteInfo = "Infection Tag";
		};
/* End PBXContainerItemProxy section */

/* Begin PBXFileReference section */
		0029E6822D2DDF78DE83674D /* Pods-Infection TagTests.debug.xcconfig */ = {isa = PBXFileReference; includeInIndex = 1; lastKnownFileType = text.xcconfig; name = "Pods-Infection TagTests.debug.xcconfig"; path = "Target Support Files/Pods-Infection TagTests/Pods-Infection TagTests.debug.xcconfig"; sourceTree = "<group>"; };
		1C3ACD24DCDA542BF83C08A0 /* Pods-Infection TagTests.release.xcconfig */ = {isa = PBXFileReference; includeInIndex = 1; lastKnownFileType = text.xcconfig; name = "Pods-Infection TagTests.release.xcconfig"; path = "Target Support Files/Pods-Infection TagTests/Pods-Infection TagTests.release.xcconfig"; sourceTree = "<group>"; };
		63B8AA277B058D88F6C9DA42 /* Pods_Infection_TagTests.framework */ = {isa = PBXFileReference; explicitFileType = wrapper.framework; includeInIndex = 0; path = Pods_Infection_TagTests.framework; sourceTree = BUILT_PRODUCTS_DIR; };
		6A0D5FD515B62451B2B35075 /* Pods-Infection Tag.release.xcconfig */ = {isa = PBXFileReference; includeInIndex = 1; lastKnownFileType = text.xcconfig; name = "Pods-Infection Tag.release.xcconfig"; path = "Target Support Files/Pods-Infection Tag/Pods-Infection Tag.release.xcconfig"; sourceTree = "<group>"; };
		8121C1992559A67900EE1F06 /* MainMenu.swift */ = {isa = PBXFileReference; lastKnownFileType = sourcecode.swift; path = MainMenu.swift; sourceTree = "<group>"; };
		819423AC25642C5B0031A940 /* MainMenu.sks */ = {isa = PBXFileReference; lastKnownFileType = file.sks; path = MainMenu.sks; sourceTree = "<group>"; };
		819423B125642E730031A940 /* MSButtonNode.swift */ = {isa = PBXFileReference; lastKnownFileType = sourcecode.swift; path = MSButtonNode.swift; sourceTree = "<group>"; };
		8576CADE4D763903F976DE1C /* Pods_Infection_Tag_Infection_TagUITests.framework */ = {isa = PBXFileReference; explicitFileType = wrapper.framework; includeInIndex = 0; path = Pods_Infection_Tag_Infection_TagUITests.framework; sourceTree = BUILT_PRODUCTS_DIR; };
		9D6E24E225A61597005DA2A4 /* playAgainMenu.swift */ = {isa = PBXFileReference; lastKnownFileType = sourcecode.swift; path = playAgainMenu.swift; sourceTree = "<group>"; };
		9D6E24E725A61A0B005DA2A4 /* playAgainMenu.sks */ = {isa = PBXFileReference; lastKnownFileType = file.sks; path = playAgainMenu.sks; sourceTree = "<group>"; };
		9D7E711A257E91F50051AEBE /* GameSceneSolo.sks */ = {isa = PBXFileReference; lastKnownFileType = file.sks; path = GameSceneSolo.sks; sourceTree = "<group>"; };
		9D892763257E853F009B9007 /* GameSceneSolo.swift */ = {isa = PBXFileReference; lastKnownFileType = sourcecode.swift; path = GameSceneSolo.swift; sourceTree = "<group>"; };
		9D892768257E8798009B9007 /* Zombie.swift */ = {isa = PBXFileReference; lastKnownFileType = sourcecode.swift; path = Zombie.swift; sourceTree = "<group>"; };
		CC2B8DEC88FAC14F23FC9E7C /* Pods-Infection Tag-Infection TagUITests.debug.xcconfig */ = {isa = PBXFileReference; includeInIndex = 1; lastKnownFileType = text.xcconfig; name = "Pods-Infection Tag-Infection TagUITests.debug.xcconfig"; path = "Target Support Files/Pods-Infection Tag-Infection TagUITests/Pods-Infection Tag-Infection TagUITests.debug.xcconfig"; sourceTree = "<group>"; };
		D1168C85DE6F504476301690 /* Pods-Infection Tag.debug.xcconfig */ = {isa = PBXFileReference; includeInIndex = 1; lastKnownFileType = text.xcconfig; name = "Pods-Infection Tag.debug.xcconfig"; path = "Target Support Files/Pods-Infection Tag/Pods-Infection Tag.debug.xcconfig"; sourceTree = "<group>"; };
		D345AB11258BC0F60026B15C /* Bullet.swift */ = {isa = PBXFileReference; lastKnownFileType = sourcecode.swift; path = Bullet.swift; sourceTree = "<group>"; };
		D377F83F2589207E001F0A3F /* Gun.swift */ = {isa = PBXFileReference; lastKnownFileType = sourcecode.swift; path = Gun.swift; sourceTree = "<group>"; };
		D39D02D12540827D00BDAC1E /* Character.swift */ = {isa = PBXFileReference; lastKnownFileType = sourcecode.swift; path = Character.swift; sourceTree = "<group>"; };
		D39D02D625471C9700BDAC1E /* wall.swift */ = {isa = PBXFileReference; lastKnownFileType = sourcecode.swift; path = wall.swift; sourceTree = "<group>"; };
		D3CF0C492537500F00394F79 /* Infection Tag.app */ = {isa = PBXFileReference; explicitFileType = wrapper.application; includeInIndex = 0; path = "Infection Tag.app"; sourceTree = BUILT_PRODUCTS_DIR; };
		D3CF0C4C2537500F00394F79 /* AppDelegate.swift */ = {isa = PBXFileReference; lastKnownFileType = sourcecode.swift; path = AppDelegate.swift; sourceTree = "<group>"; };
		D3CF0C4E2537500F00394F79 /* GameScene.sks */ = {isa = PBXFileReference; lastKnownFileType = file.sks; path = GameScene.sks; sourceTree = "<group>"; };
		D3CF0C502537500F00394F79 /* Actions.sks */ = {isa = PBXFileReference; lastKnownFileType = file.sks; path = Actions.sks; sourceTree = "<group>"; };
		D3CF0C522537500F00394F79 /* GameScene.swift */ = {isa = PBXFileReference; lastKnownFileType = sourcecode.swift; path = GameScene.swift; sourceTree = "<group>"; };
		D3CF0C542537500F00394F79 /* GameViewController.swift */ = {isa = PBXFileReference; lastKnownFileType = sourcecode.swift; path = GameViewController.swift; sourceTree = "<group>"; };
		D3CF0C572537500F00394F79 /* Base */ = {isa = PBXFileReference; lastKnownFileType = file.storyboard; name = Base; path = Base.lproj/Main.storyboard; sourceTree = "<group>"; };
		D3CF0C592537501400394F79 /* Assets.xcassets */ = {isa = PBXFileReference; lastKnownFileType = folder.assetcatalog; path = Assets.xcassets; sourceTree = "<group>"; };
		D3CF0C5B2537501400394F79 /* Info.plist */ = {isa = PBXFileReference; lastKnownFileType = text.plist.xml; path = Info.plist; sourceTree = "<group>"; };
		D3CF0C602537501500394F79 /* Infection TagTests.xctest */ = {isa = PBXFileReference; explicitFileType = wrapper.cfbundle; includeInIndex = 0; path = "Infection TagTests.xctest"; sourceTree = BUILT_PRODUCTS_DIR; };
		D3CF0C642537501500394F79 /* Infection_TagTests.swift */ = {isa = PBXFileReference; lastKnownFileType = sourcecode.swift; path = Infection_TagTests.swift; sourceTree = "<group>"; };
		D3CF0C662537501500394F79 /* Info.plist */ = {isa = PBXFileReference; lastKnownFileType = text.plist.xml; path = Info.plist; sourceTree = "<group>"; };
		D3CF0C6B2537501500394F79 /* Infection TagUITests.xctest */ = {isa = PBXFileReference; explicitFileType = wrapper.cfbundle; includeInIndex = 0; path = "Infection TagUITests.xctest"; sourceTree = BUILT_PRODUCTS_DIR; };
		D3CF0C6F2537501500394F79 /* Infection_TagUITests.swift */ = {isa = PBXFileReference; lastKnownFileType = sourcecode.swift; path = Infection_TagUITests.swift; sourceTree = "<group>"; };
		D3CF0C712537501500394F79 /* Info.plist */ = {isa = PBXFileReference; lastKnownFileType = text.plist.xml; path = Info.plist; sourceTree = "<group>"; };
		D3CF0C80253753FF00394F79 /* TFAnalogJoystick.swift */ = {isa = PBXFileReference; fileEncoding = 4; lastKnownFileType = sourcecode.swift; path = TFAnalogJoystick.swift; sourceTree = "<group>"; };
		D3D60664256C128E003E276A /* GameCenterHelper.swift */ = {isa = PBXFileReference; lastKnownFileType = sourcecode.swift; path = GameCenterHelper.swift; sourceTree = "<group>"; };
		D3D6066C256C143D003E276A /* GameModel.swift */ = {isa = PBXFileReference; lastKnownFileType = sourcecode.swift; path = GameModel.swift; sourceTree = "<group>"; };
		D3D60671256C16E7003E276A /* Player.swift */ = {isa = PBXFileReference; lastKnownFileType = sourcecode.swift; path = Player.swift; sourceTree = "<group>"; };
		DFBA5CFCA8CCC685B16B6947 /* Pods_Infection_Tag.framework */ = {isa = PBXFileReference; explicitFileType = wrapper.framework; includeInIndex = 0; path = Pods_Infection_Tag.framework; sourceTree = BUILT_PRODUCTS_DIR; };
		F7ECBACB952F361216243598 /* Pods-Infection Tag-Infection TagUITests.release.xcconfig */ = {isa = PBXFileReference; includeInIndex = 1; lastKnownFileType = text.xcconfig; name = "Pods-Infection Tag-Infection TagUITests.release.xcconfig"; path = "Target Support Files/Pods-Infection Tag-Infection TagUITests/Pods-Infection Tag-Infection TagUITests.release.xcconfig"; sourceTree = "<group>"; };
/* End PBXFileReference section */

/* Begin PBXFrameworksBuildPhase section */
		D3CF0C462537500F00394F79 /* Frameworks */ = {
			isa = PBXFrameworksBuildPhase;
			buildActionMask = 2147483647;
			files = (
				9DCB7582255DAC4E0006FE96 /* Pods_Infection_Tag.framework in Frameworks */,
			);
			runOnlyForDeploymentPostprocessing = 0;
		};
		D3CF0C5D2537501500394F79 /* Frameworks */ = {
			isa = PBXFrameworksBuildPhase;
			buildActionMask = 2147483647;
			files = (
				74E97CA3118EB66CAD643816 /* Pods_Infection_TagTests.framework in Frameworks */,
			);
			runOnlyForDeploymentPostprocessing = 0;
		};
		D3CF0C682537501500394F79 /* Frameworks */ = {
			isa = PBXFrameworksBuildPhase;
			buildActionMask = 2147483647;
			files = (
				57ABCA48CB996DC7B18E7A87 /* Pods_Infection_Tag_Infection_TagUITests.framework in Frameworks */,
			);
			runOnlyForDeploymentPostprocessing = 0;
		};
/* End PBXFrameworksBuildPhase section */

/* Begin PBXGroup section */
		52E005206D764A38A8E320DE /* Pods */ = {
			isa = PBXGroup;
			children = (
				D1168C85DE6F504476301690 /* Pods-Infection Tag.debug.xcconfig */,
				6A0D5FD515B62451B2B35075 /* Pods-Infection Tag.release.xcconfig */,
				CC2B8DEC88FAC14F23FC9E7C /* Pods-Infection Tag-Infection TagUITests.debug.xcconfig */,
				F7ECBACB952F361216243598 /* Pods-Infection Tag-Infection TagUITests.release.xcconfig */,
				0029E6822D2DDF78DE83674D /* Pods-Infection TagTests.debug.xcconfig */,
				1C3ACD24DCDA542BF83C08A0 /* Pods-Infection TagTests.release.xcconfig */,
			);
			path = Pods;
			sourceTree = "<group>";
		};
		D34D07F7253DE53B00482274 /* Scenes */ = {
			isa = PBXGroup;
			children = (
				D34D07F8253DE54B00482274 /* Scene1 */,
			);
			path = Scenes;
			sourceTree = "<group>";
		};
		D34D07F8253DE54B00482274 /* Scene1 */ = {
			isa = PBXGroup;
			children = (
			);
			path = Scene1;
			sourceTree = "<group>";
		};
		D3CF0C402537500F00394F79 = {
			isa = PBXGroup;
			children = (
				D3CF0C4B2537500F00394F79 /* Infection Tag */,
				D3CF0C632537501500394F79 /* Infection TagTests */,
				D3CF0C6E2537501500394F79 /* Infection TagUITests */,
				D3CF0C4A2537500F00394F79 /* Products */,
				52E005206D764A38A8E320DE /* Pods */,
				D801F2D145EBFC81B44CA187 /* Frameworks */,
			);
			sourceTree = "<group>";
		};
		D3CF0C4A2537500F00394F79 /* Products */ = {
			isa = PBXGroup;
			children = (
				D3CF0C492537500F00394F79 /* Infection Tag.app */,
				D3CF0C602537501500394F79 /* Infection TagTests.xctest */,
				D3CF0C6B2537501500394F79 /* Infection TagUITests.xctest */,
			);
			name = Products;
			sourceTree = "<group>";
		};
		D3CF0C4B2537500F00394F79 /* Infection Tag */ = {
			isa = PBXGroup;
			children = (
				D3CF0C4C2537500F00394F79 /* AppDelegate.swift */,
				D3CF0C4E2537500F00394F79 /* GameScene.sks */,
				9D7E711A257E91F50051AEBE /* GameSceneSolo.sks */,
				D3CF0C502537500F00394F79 /* Actions.sks */,
				D34D07F7253DE53B00482274 /* Scenes */,
				D3CF0C80253753FF00394F79 /* TFAnalogJoystick.swift */,
				D3CF0C522537500F00394F79 /* GameScene.swift */,
				9D892768257E8798009B9007 /* Zombie.swift */,
				9D892763257E853F009B9007 /* GameSceneSolo.swift */,
				9D6E24E725A61A0B005DA2A4 /* playAgainMenu.sks */,
				9D6E24E225A61597005DA2A4 /* playAgainMenu.swift */,
				D345AB11258BC0F60026B15C /* Bullet.swift */,
				D39D02D12540827D00BDAC1E /* Character.swift */,
				D377F83F2589207E001F0A3F /* Gun.swift */,
				D39D02D625471C9700BDAC1E /* wall.swift */,
				D3CF0C562537500F00394F79 /* Main.storyboard */,
				D3CF0C542537500F00394F79 /* GameViewController.swift */,
				D3D60671256C16E7003E276A /* Player.swift */,
				D3D6066C256C143D003E276A /* GameModel.swift */,
				D3D60664256C128E003E276A /* GameCenterHelper.swift */,
				8121C1992559A67900EE1F06 /* MainMenu.swift */,
				819423AC25642C5B0031A940 /* MainMenu.sks */,
				819423B125642E730031A940 /* MSButtonNode.swift */,
				D3CF0C592537501400394F79 /* Assets.xcassets */,
				D3CF0C5B2537501400394F79 /* Info.plist */,
			);
			path = "Infection Tag";
			sourceTree = "<group>";
		};
		D3CF0C632537501500394F79 /* Infection TagTests */ = {
			isa = PBXGroup;
			children = (
				D3CF0C642537501500394F79 /* Infection_TagTests.swift */,
				D3CF0C662537501500394F79 /* Info.plist */,
			);
			path = "Infection TagTests";
			sourceTree = "<group>";
		};
		D3CF0C6E2537501500394F79 /* Infection TagUITests */ = {
			isa = PBXGroup;
			children = (
				D3CF0C6F2537501500394F79 /* Infection_TagUITests.swift */,
				D3CF0C712537501500394F79 /* Info.plist */,
			);
			path = "Infection TagUITests";
			sourceTree = "<group>";
		};
		D801F2D145EBFC81B44CA187 /* Frameworks */ = {
			isa = PBXGroup;
			children = (
				DFBA5CFCA8CCC685B16B6947 /* Pods_Infection_Tag.framework */,
				8576CADE4D763903F976DE1C /* Pods_Infection_Tag_Infection_TagUITests.framework */,
				63B8AA277B058D88F6C9DA42 /* Pods_Infection_TagTests.framework */,
			);
			name = Frameworks;
			sourceTree = "<group>";
		};
/* End PBXGroup section */

/* Begin PBXNativeTarget section */
		D3CF0C482537500F00394F79 /* Infection Tag */ = {
			isa = PBXNativeTarget;
			buildConfigurationList = D3CF0C742537501500394F79 /* Build configuration list for PBXNativeTarget "Infection Tag" */;
			buildPhases = (
				1B10C24BA08D3DB4E425773C /* [CP] Check Pods Manifest.lock */,
				D3CF0C452537500F00394F79 /* Sources */,
				D3CF0C462537500F00394F79 /* Frameworks */,
				D3CF0C472537500F00394F79 /* Resources */,
			);
			buildRules = (
			);
			dependencies = (
			);
			name = "Infection Tag";
			productName = "Infection Tag";
			productReference = D3CF0C492537500F00394F79 /* Infection Tag.app */;
			productType = "com.apple.product-type.application";
		};
		D3CF0C5F2537501500394F79 /* Infection TagTests */ = {
			isa = PBXNativeTarget;
			buildConfigurationList = D3CF0C772537501500394F79 /* Build configuration list for PBXNativeTarget "Infection TagTests" */;
			buildPhases = (
				4E6AC7D52B18762467A55EA4 /* [CP] Check Pods Manifest.lock */,
				D3CF0C5C2537501500394F79 /* Sources */,
				D3CF0C5D2537501500394F79 /* Frameworks */,
				D3CF0C5E2537501500394F79 /* Resources */,
			);
			buildRules = (
			);
			dependencies = (
				D3CF0C622537501500394F79 /* PBXTargetDependency */,
			);
			name = "Infection TagTests";
			productName = "Infection TagTests";
			productReference = D3CF0C602537501500394F79 /* Infection TagTests.xctest */;
			productType = "com.apple.product-type.bundle.unit-test";
		};
		D3CF0C6A2537501500394F79 /* Infection TagUITests */ = {
			isa = PBXNativeTarget;
			buildConfigurationList = D3CF0C7A2537501500394F79 /* Build configuration list for PBXNativeTarget "Infection TagUITests" */;
			buildPhases = (
				954F51A022708D1E4F39EB75 /* [CP] Check Pods Manifest.lock */,
				D3CF0C672537501500394F79 /* Sources */,
				D3CF0C682537501500394F79 /* Frameworks */,
				D3CF0C692537501500394F79 /* Resources */,
			);
			buildRules = (
			);
			dependencies = (
				D3CF0C6D2537501500394F79 /* PBXTargetDependency */,
			);
			name = "Infection TagUITests";
			productName = "Infection TagUITests";
			productReference = D3CF0C6B2537501500394F79 /* Infection TagUITests.xctest */;
			productType = "com.apple.product-type.bundle.ui-testing";
		};
/* End PBXNativeTarget section */

/* Begin PBXProject section */
		D3CF0C412537500F00394F79 /* Project object */ = {
			isa = PBXProject;
			attributes = {
				LastSwiftUpdateCheck = 1200;
				LastUpgradeCheck = 1200;
				TargetAttributes = {
					D3CF0C482537500F00394F79 = {
						CreatedOnToolsVersion = 12.0;
					};
					D3CF0C5F2537501500394F79 = {
						CreatedOnToolsVersion = 12.0;
						TestTargetID = D3CF0C482537500F00394F79;
					};
					D3CF0C6A2537501500394F79 = {
						CreatedOnToolsVersion = 12.0;
						TestTargetID = D3CF0C482537500F00394F79;
					};
				};
			};
			buildConfigurationList = D3CF0C442537500F00394F79 /* Build configuration list for PBXProject "Infection Tag" */;
			compatibilityVersion = "Xcode 9.3";
			developmentRegion = en;
			hasScannedForEncodings = 0;
			knownRegions = (
				en,
				Base,
			);
			mainGroup = D3CF0C402537500F00394F79;
			productRefGroup = D3CF0C4A2537500F00394F79 /* Products */;
			projectDirPath = "";
			projectRoot = "";
			targets = (
				D3CF0C482537500F00394F79 /* Infection Tag */,
				D3CF0C5F2537501500394F79 /* Infection TagTests */,
				D3CF0C6A2537501500394F79 /* Infection TagUITests */,
			);
		};
/* End PBXProject section */

/* Begin PBXResourcesBuildPhase section */
		D3CF0C472537500F00394F79 /* Resources */ = {
			isa = PBXResourcesBuildPhase;
			buildActionMask = 2147483647;
			files = (
				D3CF0C582537500F00394F79 /* Main.storyboard in Resources */,
				D3CF0C4F2537500F00394F79 /* GameScene.sks in Resources */,
				D3CF0C5A2537501400394F79 /* Assets.xcassets in Resources */,
				9D7E711B257E91F50051AEBE /* GameSceneSolo.sks in Resources */,
				D3CF0C512537500F00394F79 /* Actions.sks in Resources */,
				9D6E24E825A61A0B005DA2A4 /* playAgainMenu.sks in Resources */,
				819423AD25642C5B0031A940 /* MainMenu.sks in Resources */,
			);
			runOnlyForDeploymentPostprocessing = 0;
		};
		D3CF0C5E2537501500394F79 /* Resources */ = {
			isa = PBXResourcesBuildPhase;
			buildActionMask = 2147483647;
			files = (
			);
			runOnlyForDeploymentPostprocessing = 0;
		};
		D3CF0C692537501500394F79 /* Resources */ = {
			isa = PBXResourcesBuildPhase;
			buildActionMask = 2147483647;
			files = (
			);
			runOnlyForDeploymentPostprocessing = 0;
		};
/* End PBXResourcesBuildPhase section */

/* Begin PBXShellScriptBuildPhase section */
		1B10C24BA08D3DB4E425773C /* [CP] Check Pods Manifest.lock */ = {
			isa = PBXShellScriptBuildPhase;
			buildActionMask = 2147483647;
			files = (
			);
			inputFileListPaths = (
			);
			inputPaths = (
				"${PODS_PODFILE_DIR_PATH}/Podfile.lock",
				"${PODS_ROOT}/Manifest.lock",
			);
			name = "[CP] Check Pods Manifest.lock";
			outputFileListPaths = (
			);
			outputPaths = (
				"$(DERIVED_FILE_DIR)/Pods-Infection Tag-checkManifestLockResult.txt",
			);
			runOnlyForDeploymentPostprocessing = 0;
			shellPath = /bin/sh;
			shellScript = "diff \"${PODS_PODFILE_DIR_PATH}/Podfile.lock\" \"${PODS_ROOT}/Manifest.lock\" > /dev/null\nif [ $? != 0 ] ; then\n    # print error to STDERR\n    echo \"error: The sandbox is not in sync with the Podfile.lock. Run 'pod install' or update your CocoaPods installation.\" >&2\n    exit 1\nfi\n# This output is used by Xcode 'outputs' to avoid re-running this script phase.\necho \"SUCCESS\" > \"${SCRIPT_OUTPUT_FILE_0}\"\n";
			showEnvVarsInLog = 0;
		};
		4E6AC7D52B18762467A55EA4 /* [CP] Check Pods Manifest.lock */ = {
			isa = PBXShellScriptBuildPhase;
			buildActionMask = 2147483647;
			files = (
			);
			inputFileListPaths = (
			);
			inputPaths = (
				"${PODS_PODFILE_DIR_PATH}/Podfile.lock",
				"${PODS_ROOT}/Manifest.lock",
			);
			name = "[CP] Check Pods Manifest.lock";
			outputFileListPaths = (
			);
			outputPaths = (
				"$(DERIVED_FILE_DIR)/Pods-Infection TagTests-checkManifestLockResult.txt",
			);
			runOnlyForDeploymentPostprocessing = 0;
			shellPath = /bin/sh;
			shellScript = "diff \"${PODS_PODFILE_DIR_PATH}/Podfile.lock\" \"${PODS_ROOT}/Manifest.lock\" > /dev/null\nif [ $? != 0 ] ; then\n    # print error to STDERR\n    echo \"error: The sandbox is not in sync with the Podfile.lock. Run 'pod install' or update your CocoaPods installation.\" >&2\n    exit 1\nfi\n# This output is used by Xcode 'outputs' to avoid re-running this script phase.\necho \"SUCCESS\" > \"${SCRIPT_OUTPUT_FILE_0}\"\n";
			showEnvVarsInLog = 0;
		};
		954F51A022708D1E4F39EB75 /* [CP] Check Pods Manifest.lock */ = {
			isa = PBXShellScriptBuildPhase;
			buildActionMask = 2147483647;
			files = (
			);
			inputFileListPaths = (
			);
			inputPaths = (
				"${PODS_PODFILE_DIR_PATH}/Podfile.lock",
				"${PODS_ROOT}/Manifest.lock",
			);
			name = "[CP] Check Pods Manifest.lock";
			outputFileListPaths = (
			);
			outputPaths = (
				"$(DERIVED_FILE_DIR)/Pods-Infection Tag-Infection TagUITests-checkManifestLockResult.txt",
			);
			runOnlyForDeploymentPostprocessing = 0;
			shellPath = /bin/sh;
			shellScript = "diff \"${PODS_PODFILE_DIR_PATH}/Podfile.lock\" \"${PODS_ROOT}/Manifest.lock\" > /dev/null\nif [ $? != 0 ] ; then\n    # print error to STDERR\n    echo \"error: The sandbox is not in sync with the Podfile.lock. Run 'pod install' or update your CocoaPods installation.\" >&2\n    exit 1\nfi\n# This output is used by Xcode 'outputs' to avoid re-running this script phase.\necho \"SUCCESS\" > \"${SCRIPT_OUTPUT_FILE_0}\"\n";
			showEnvVarsInLog = 0;
		};
/* End PBXShellScriptBuildPhase section */

/* Begin PBXSourcesBuildPhase section */
		D3CF0C452537500F00394F79 /* Sources */ = {
			isa = PBXSourcesBuildPhase;
			buildActionMask = 2147483647;
			files = (
				D377F8402589207E001F0A3F /* Gun.swift in Sources */,
				9D892769257E8798009B9007 /* Zombie.swift in Sources */,
				D345AB12258BC0F60026B15C /* Bullet.swift in Sources */,
				D3D60672256C16E7003E276A /* Player.swift in Sources */,
				8121C19A2559A67900EE1F06 /* MainMenu.swift in Sources */,
				D3CF0C532537500F00394F79 /* GameScene.swift in Sources */,
				D3CF0C81253753FF00394F79 /* TFAnalogJoystick.swift in Sources */,
				819423B225642E730031A940 /* MSButtonNode.swift in Sources */,
				D3D60665256C128E003E276A /* GameCenterHelper.swift in Sources */,
				9D6E24E325A61597005DA2A4 /* playAgainMenu.swift in Sources */,
				D3D6066D256C143D003E276A /* GameModel.swift in Sources */,
				D39D02D22540827D00BDAC1E /* Character.swift in Sources */,
				D39D02D725471C9700BDAC1E /* wall.swift in Sources */,
				D3CF0C552537500F00394F79 /* GameViewController.swift in Sources */,
				D3CF0C4D2537500F00394F79 /* AppDelegate.swift in Sources */,
				9D892764257E853F009B9007 /* GameSceneSolo.swift in Sources */,
			);
			runOnlyForDeploymentPostprocessing = 0;
		};
		D3CF0C5C2537501500394F79 /* Sources */ = {
			isa = PBXSourcesBuildPhase;
			buildActionMask = 2147483647;
			files = (
				D3CF0C652537501500394F79 /* Infection_TagTests.swift in Sources */,
			);
			runOnlyForDeploymentPostprocessing = 0;
		};
		D3CF0C672537501500394F79 /* Sources */ = {
			isa = PBXSourcesBuildPhase;
			buildActionMask = 2147483647;
			files = (
				D3CF0C702537501500394F79 /* Infection_TagUITests.swift in Sources */,
			);
			runOnlyForDeploymentPostprocessing = 0;
		};
/* End PBXSourcesBuildPhase section */

/* Begin PBXTargetDependency section */
		D3CF0C622537501500394F79 /* PBXTargetDependency */ = {
			isa = PBXTargetDependency;
			target = D3CF0C482537500F00394F79 /* Infection Tag */;
			targetProxy = D3CF0C612537501500394F79 /* PBXContainerItemProxy */;
		};
		D3CF0C6D2537501500394F79 /* PBXTargetDependency */ = {
			isa = PBXTargetDependency;
			target = D3CF0C482537500F00394F79 /* Infection Tag */;
			targetProxy = D3CF0C6C2537501500394F79 /* PBXContainerItemProxy */;
		};
/* End PBXTargetDependency section */

/* Begin PBXVariantGroup section */
		D3CF0C562537500F00394F79 /* Main.storyboard */ = {
			isa = PBXVariantGroup;
			children = (
				D3CF0C572537500F00394F79 /* Base */,
			);
			name = Main.storyboard;
			sourceTree = "<group>";
		};
/* End PBXVariantGroup section */

/* Begin XCBuildConfiguration section */
		D3CF0C722537501500394F79 /* Debug */ = {
			isa = XCBuildConfiguration;
			buildSettings = {
				ALWAYS_SEARCH_USER_PATHS = NO;
				CLANG_ANALYZER_NONNULL = YES;
				CLANG_ANALYZER_NUMBER_OBJECT_CONVERSION = YES_AGGRESSIVE;
				CLANG_CXX_LANGUAGE_STANDARD = "gnu++14";
				CLANG_CXX_LIBRARY = "libc++";
				CLANG_ENABLE_MODULES = YES;
				CLANG_ENABLE_OBJC_ARC = YES;
				CLANG_ENABLE_OBJC_WEAK = YES;
				CLANG_WARN_BLOCK_CAPTURE_AUTORELEASING = YES;
				CLANG_WARN_BOOL_CONVERSION = YES;
				CLANG_WARN_COMMA = YES;
				CLANG_WARN_CONSTANT_CONVERSION = YES;
				CLANG_WARN_DEPRECATED_OBJC_IMPLEMENTATIONS = YES;
				CLANG_WARN_DIRECT_OBJC_ISA_USAGE = YES_ERROR;
				CLANG_WARN_DOCUMENTATION_COMMENTS = YES;
				CLANG_WARN_EMPTY_BODY = YES;
				CLANG_WARN_ENUM_CONVERSION = YES;
				CLANG_WARN_INFINITE_RECURSION = YES;
				CLANG_WARN_INT_CONVERSION = YES;
				CLANG_WARN_NON_LITERAL_NULL_CONVERSION = YES;
				CLANG_WARN_OBJC_IMPLICIT_RETAIN_SELF = YES;
				CLANG_WARN_OBJC_LITERAL_CONVERSION = YES;
				CLANG_WARN_OBJC_ROOT_CLASS = YES_ERROR;
				CLANG_WARN_QUOTED_INCLUDE_IN_FRAMEWORK_HEADER = YES;
				CLANG_WARN_RANGE_LOOP_ANALYSIS = YES;
				CLANG_WARN_STRICT_PROTOTYPES = YES;
				CLANG_WARN_SUSPICIOUS_MOVE = YES;
				CLANG_WARN_UNGUARDED_AVAILABILITY = YES_AGGRESSIVE;
				CLANG_WARN_UNREACHABLE_CODE = YES;
				CLANG_WARN__DUPLICATE_METHOD_MATCH = YES;
				COPY_PHASE_STRIP = NO;
				DEBUG_INFORMATION_FORMAT = dwarf;
				ENABLE_STRICT_OBJC_MSGSEND = YES;
				ENABLE_TESTABILITY = YES;
				GCC_C_LANGUAGE_STANDARD = gnu11;
				GCC_DYNAMIC_NO_PIC = NO;
				GCC_NO_COMMON_BLOCKS = YES;
				GCC_OPTIMIZATION_LEVEL = 0;
				GCC_PREPROCESSOR_DEFINITIONS = (
					"DEBUG=1",
					"$(inherited)",
				);
				GCC_WARN_64_TO_32_BIT_CONVERSION = YES;
				GCC_WARN_ABOUT_RETURN_TYPE = YES_ERROR;
				GCC_WARN_UNDECLARED_SELECTOR = YES;
				GCC_WARN_UNINITIALIZED_AUTOS = YES_AGGRESSIVE;
				GCC_WARN_UNUSED_FUNCTION = YES;
				GCC_WARN_UNUSED_VARIABLE = YES;
				IPHONEOS_DEPLOYMENT_TARGET = 14.0;
				MTL_ENABLE_DEBUG_INFO = INCLUDE_SOURCE;
				MTL_FAST_MATH = YES;
				ONLY_ACTIVE_ARCH = YES;
				SDKROOT = iphoneos;
				SWIFT_ACTIVE_COMPILATION_CONDITIONS = DEBUG;
				SWIFT_OPTIMIZATION_LEVEL = "-Onone";
			};
			name = Debug;
		};
		D3CF0C732537501500394F79 /* Release */ = {
			isa = XCBuildConfiguration;
			buildSettings = {
				ALWAYS_SEARCH_USER_PATHS = NO;
				CLANG_ANALYZER_NONNULL = YES;
				CLANG_ANALYZER_NUMBER_OBJECT_CONVERSION = YES_AGGRESSIVE;
				CLANG_CXX_LANGUAGE_STANDARD = "gnu++14";
				CLANG_CXX_LIBRARY = "libc++";
				CLANG_ENABLE_MODULES = YES;
				CLANG_ENABLE_OBJC_ARC = YES;
				CLANG_ENABLE_OBJC_WEAK = YES;
				CLANG_WARN_BLOCK_CAPTURE_AUTORELEASING = YES;
				CLANG_WARN_BOOL_CONVERSION = YES;
				CLANG_WARN_COMMA = YES;
				CLANG_WARN_CONSTANT_CONVERSION = YES;
				CLANG_WARN_DEPRECATED_OBJC_IMPLEMENTATIONS = YES;
				CLANG_WARN_DIRECT_OBJC_ISA_USAGE = YES_ERROR;
				CLANG_WARN_DOCUMENTATION_COMMENTS = YES;
				CLANG_WARN_EMPTY_BODY = YES;
				CLANG_WARN_ENUM_CONVERSION = YES;
				CLANG_WARN_INFINITE_RECURSION = YES;
				CLANG_WARN_INT_CONVERSION = YES;
				CLANG_WARN_NON_LITERAL_NULL_CONVERSION = YES;
				CLANG_WARN_OBJC_IMPLICIT_RETAIN_SELF = YES;
				CLANG_WARN_OBJC_LITERAL_CONVERSION = YES;
				CLANG_WARN_OBJC_ROOT_CLASS = YES_ERROR;
				CLANG_WARN_QUOTED_INCLUDE_IN_FRAMEWORK_HEADER = YES;
				CLANG_WARN_RANGE_LOOP_ANALYSIS = YES;
				CLANG_WARN_STRICT_PROTOTYPES = YES;
				CLANG_WARN_SUSPICIOUS_MOVE = YES;
				CLANG_WARN_UNGUARDED_AVAILABILITY = YES_AGGRESSIVE;
				CLANG_WARN_UNREACHABLE_CODE = YES;
				CLANG_WARN__DUPLICATE_METHOD_MATCH = YES;
				COPY_PHASE_STRIP = NO;
				DEBUG_INFORMATION_FORMAT = "dwarf-with-dsym";
				ENABLE_NS_ASSERTIONS = NO;
				ENABLE_STRICT_OBJC_MSGSEND = YES;
				GCC_C_LANGUAGE_STANDARD = gnu11;
				GCC_NO_COMMON_BLOCKS = YES;
				GCC_WARN_64_TO_32_BIT_CONVERSION = YES;
				GCC_WARN_ABOUT_RETURN_TYPE = YES_ERROR;
				GCC_WARN_UNDECLARED_SELECTOR = YES;
				GCC_WARN_UNINITIALIZED_AUTOS = YES_AGGRESSIVE;
				GCC_WARN_UNUSED_FUNCTION = YES;
				GCC_WARN_UNUSED_VARIABLE = YES;
				IPHONEOS_DEPLOYMENT_TARGET = 14.0;
				MTL_ENABLE_DEBUG_INFO = NO;
				MTL_FAST_MATH = YES;
				SDKROOT = iphoneos;
				SWIFT_COMPILATION_MODE = wholemodule;
				SWIFT_OPTIMIZATION_LEVEL = "-O";
				VALIDATE_PRODUCT = YES;
			};
			name = Release;
		};
		D3CF0C752537501500394F79 /* Debug */ = {
			isa = XCBuildConfiguration;
			baseConfigurationReference = D1168C85DE6F504476301690 /* Pods-Infection Tag.debug.xcconfig */;
			buildSettings = {
				ASSETCATALOG_COMPILER_APPICON_NAME = AppIcon;
				ASSETCATALOG_COMPILER_GLOBAL_ACCENT_COLOR_NAME = AccentColor;
				CODE_SIGN_STYLE = Automatic;
				CURRENT_PROJECT_VERSION = 2;
				DEVELOPMENT_TEAM = 55BUX7R5P2;
				INFOPLIST_FILE = "Infection Tag/Info.plist";
				IPHONEOS_DEPLOYMENT_TARGET = 13.0;
				LD_RUNPATH_SEARCH_PATHS = (
					"$(inherited)",
					"@executable_path/Frameworks",
				);
				MARKETING_VERSION = 1.3;
				PRODUCT_BUNDLE_IDENTIFIER = edu.infectiontag2;
				PRODUCT_NAME = "$(TARGET_NAME)";
				SWIFT_VERSION = 5.0;
				TARGETED_DEVICE_FAMILY = "1,2";
			};
			name = Debug;
		};
		D3CF0C762537501500394F79 /* Release */ = {
			isa = XCBuildConfiguration;
			baseConfigurationReference = 6A0D5FD515B62451B2B35075 /* Pods-Infection Tag.release.xcconfig */;
			buildSettings = {
				ASSETCATALOG_COMPILER_APPICON_NAME = AppIcon;
				ASSETCATALOG_COMPILER_GLOBAL_ACCENT_COLOR_NAME = AccentColor;
				CODE_SIGN_STYLE = Automatic;
				CURRENT_PROJECT_VERSION = 2;
				DEVELOPMENT_TEAM = 55BUX7R5P2;
				INFOPLIST_FILE = "Infection Tag/Info.plist";
				IPHONEOS_DEPLOYMENT_TARGET = 13.0;
				LD_RUNPATH_SEARCH_PATHS = (
					"$(inherited)",
					"@executable_path/Frameworks",
				);
				MARKETING_VERSION = 1.3;
				PRODUCT_BUNDLE_IDENTIFIER = edu.infectiontag2;
				PRODUCT_NAME = "$(TARGET_NAME)";
				SWIFT_VERSION = 5.0;
				TARGETED_DEVICE_FAMILY = "1,2";
			};
			name = Release;
		};
		D3CF0C782537501500394F79 /* Debug */ = {
			isa = XCBuildConfiguration;
			baseConfigurationReference = 0029E6822D2DDF78DE83674D /* Pods-Infection TagTests.debug.xcconfig */;
			buildSettings = {
				ALWAYS_EMBED_SWIFT_STANDARD_LIBRARIES = YES;
				BUNDLE_LOADER = "$(TEST_HOST)";
				CODE_SIGN_STYLE = Automatic;
				DEVELOPMENT_TEAM = 883DK65VTV;
				INFOPLIST_FILE = "Infection TagTests/Info.plist";
				IPHONEOS_DEPLOYMENT_TARGET = 14.0;
				LD_RUNPATH_SEARCH_PATHS = (
					"$(inherited)",
					"@executable_path/Frameworks",
					"@loader_path/Frameworks",
				);
				PRODUCT_BUNDLE_IDENTIFIER = "org.edenpr.64000774.Infection-TagTests";
				PRODUCT_NAME = "$(TARGET_NAME)";
				SWIFT_VERSION = 5.0;
				TARGETED_DEVICE_FAMILY = "1,2";
				TEST_HOST = "$(BUILT_PRODUCTS_DIR)/Infection Tag.app/Infection Tag";
			};
			name = Debug;
		};
		D3CF0C792537501500394F79 /* Release */ = {
			isa = XCBuildConfiguration;
			baseConfigurationReference = 1C3ACD24DCDA542BF83C08A0 /* Pods-Infection TagTests.release.xcconfig */;
			buildSettings = {
				ALWAYS_EMBED_SWIFT_STANDARD_LIBRARIES = YES;
				BUNDLE_LOADER = "$(TEST_HOST)";
				CODE_SIGN_STYLE = Automatic;
				DEVELOPMENT_TEAM = 883DK65VTV;
				INFOPLIST_FILE = "Infection TagTests/Info.plist";
				IPHONEOS_DEPLOYMENT_TARGET = 14.0;
				LD_RUNPATH_SEARCH_PATHS = (
					"$(inherited)",
					"@executable_path/Frameworks",
					"@loader_path/Frameworks",
				);
				PRODUCT_BUNDLE_IDENTIFIER = "org.edenpr.64000774.Infection-TagTests";
				PRODUCT_NAME = "$(TARGET_NAME)";
				SWIFT_VERSION = 5.0;
				TARGETED_DEVICE_FAMILY = "1,2";
				TEST_HOST = "$(BUILT_PRODUCTS_DIR)/Infection Tag.app/Infection Tag";
			};
			name = Release;
		};
		D3CF0C7B2537501500394F79 /* Debug */ = {
			isa = XCBuildConfiguration;
			baseConfigurationReference = CC2B8DEC88FAC14F23FC9E7C /* Pods-Infection Tag-Infection TagUITests.debug.xcconfig */;
			buildSettings = {
				ALWAYS_EMBED_SWIFT_STANDARD_LIBRARIES = YES;
				CODE_SIGN_STYLE = Automatic;
				DEVELOPMENT_TEAM = 883DK65VTV;
				INFOPLIST_FILE = "Infection TagUITests/Info.plist";
				LD_RUNPATH_SEARCH_PATHS = (
					"$(inherited)",
					"@executable_path/Frameworks",
					"@loader_path/Frameworks",
				);
				PRODUCT_BUNDLE_IDENTIFIER = "org.edenpr.64000774.Infection-TagUITests";
				PRODUCT_NAME = "$(TARGET_NAME)";
				SWIFT_VERSION = 5.0;
				TARGETED_DEVICE_FAMILY = "1,2";
				TEST_TARGET_NAME = "Infection Tag";
			};
			name = Debug;
		};
		D3CF0C7C2537501500394F79 /* Release */ = {
			isa = XCBuildConfiguration;
			baseConfigurationReference = F7ECBACB952F361216243598 /* Pods-Infection Tag-Infection TagUITests.release.xcconfig */;
			buildSettings = {
				ALWAYS_EMBED_SWIFT_STANDARD_LIBRARIES = YES;
				CODE_SIGN_STYLE = Automatic;
				DEVELOPMENT_TEAM = 883DK65VTV;
				INFOPLIST_FILE = "Infection TagUITests/Info.plist";
				LD_RUNPATH_SEARCH_PATHS = (
					"$(inherited)",
					"@executable_path/Frameworks",
					"@loader_path/Frameworks",
				);
				PRODUCT_BUNDLE_IDENTIFIER = "org.edenpr.64000774.Infection-TagUITests";
				PRODUCT_NAME = "$(TARGET_NAME)";
				SWIFT_VERSION = 5.0;
				TARGETED_DEVICE_FAMILY = "1,2";
				TEST_TARGET_NAME = "Infection Tag";
			};
			name = Release;
		};
/* End XCBuildConfiguration section */

/* Begin XCConfigurationList section */
		D3CF0C442537500F00394F79 /* Build configuration list for PBXProject "Infection Tag" */ = {
			isa = XCConfigurationList;
			buildConfigurations = (
				D3CF0C722537501500394F79 /* Debug */,
				D3CF0C732537501500394F79 /* Release */,
			);
			defaultConfigurationIsVisible = 0;
			defaultConfigurationName = Release;
		};
		D3CF0C742537501500394F79 /* Build configuration list for PBXNativeTarget "Infection Tag" */ = {
			isa = XCConfigurationList;
			buildConfigurations = (
				D3CF0C752537501500394F79 /* Debug */,
				D3CF0C762537501500394F79 /* Release */,
			);
			defaultConfigurationIsVisible = 0;
			defaultConfigurationName = Release;
		};
		D3CF0C772537501500394F79 /* Build configuration list for PBXNativeTarget "Infection TagTests" */ = {
			isa = XCConfigurationList;
			buildConfigurations = (
				D3CF0C782537501500394F79 /* Debug */,
				D3CF0C792537501500394F79 /* Release */,
			);
			defaultConfigurationIsVisible = 0;
			defaultConfigurationName = Release;
		};
		D3CF0C7A2537501500394F79 /* Build configuration list for PBXNativeTarget "Infection TagUITests" */ = {
			isa = XCConfigurationList;
			buildConfigurations = (
				D3CF0C7B2537501500394F79 /* Debug */,
				D3CF0C7C2537501500394F79 /* Release */,
			);
			defaultConfigurationIsVisible = 0;
			defaultConfigurationName = Release;
		};
/* End XCConfigurationList section */
	};
	rootObject = D3CF0C412537500F00394F79 /* Project object */;
}
